
Microsoft Visual Studio Solution File, Format Version 12.00
# Visual Studio Version 17
VisualStudioVersion = 17.4.33110.190
MinimumVisualStudioVersion = 10.0.40219.1
Project("{FAE04EC0-301F-11D3-BF4B-00C04F79EFBC}") = "CasinoApp", "CasinoApp\CasinoApp.csproj", "{2846FA92-E319-487A-AE36-82FEAA8B99B1}"
EndProject
Global
	GlobalSection(SolutionConfigurationPlatforms) = preSolution
		Debug|Any CPU = Debug|Any CPU
		Release|Any CPU = Release|Any CPU
	EndGlobalSection
	GlobalSection(ProjectConfigurationPlatforms) = postSolution
		{2846FA92-E319-487A-AE36-82FEAA8B99B1}.Debug|Any CPU.ActiveCfg = Debug|Any CPU
		{2846FA92-E319-487A-AE36-82FEAA8B99B1}.Debug|Any CPU.Build.0 = Debug|Any CPU
		{2846FA92-E319-487A-AE36-82FEAA8B99B1}.Release|Any CPU.ActiveCfg = Release|Any CPU
		{2846FA92-E319-487A-AE36-82FEAA8B99B1}.Release|Any CPU.Build.0 = Release|Any CPU
	EndGlobalSection
	GlobalSection(SolutionProperties) = preSolution
		HideSolutionNode = FALSE
	EndGlobalSection
	GlobalSection(ExtensibilityGlobals) = postSolution
		SolutionGuid = {7F905591-EE3E-4DD5-83D2-2D439DBFA735}
	EndGlobalSection
EndGlobal
